
Microsoft Visual Studio Solution File, Format Version 12.00
# Visual Studio 15
VisualStudioVersion = 15.0.28010.2016
MinimumVisualStudioVersion = 10.0.40219.1
Project("{FAE04EC0-301F-11D3-BF4B-00C04F79EFBC}") = "string_lianxi", "ConsoleApp1\string_lianxi.csproj", "{43A4C8A7-1F42-4FA2-AAF6-2BC3F9EBC8AE}"
EndProject
Global
	GlobalSection(SolutionConfigurationPlatforms) = preSolution
		Debug|Any CPU = Debug|Any CPU
		Release|Any CPU = Release|Any CPU
	EndGlobalSection
	GlobalSection(ProjectConfigurationPlatforms) = postSolution
		{43A4C8A7-1F42-4FA2-AAF6-2BC3F9EBC8AE}.Debug|Any CPU.ActiveCfg = Debug|Any CPU
		{43A4C8A7-1F42-4FA2-AAF6-2BC3F9EBC8AE}.Debug|Any CPU.Build.0 = Debug|Any CPU
		{43A4C8A7-1F42-4FA2-AAF6-2BC3F9EBC8AE}.Release|Any CPU.ActiveCfg = Release|Any CPU
		{43A4C8A7-1F42-4FA2-AAF6-2BC3F9EBC8AE}.Release|Any CPU.Build.0 = Release|Any CPU
	EndGlobalSection
	GlobalSection(SolutionProperties) = preSolution
		HideSolutionNode = FALSE
	EndGlobalSection
	GlobalSection(ExtensibilityGlobals) = postSolution
		SolutionGuid = {397C2383-CA29-4419-9E1D-F7BAB388D7C4}
	EndGlobalSection
EndGlobal
